
Microsoft Visual Studio Solution File, Format Version 12.00
# Visual Studio Version 17
VisualStudioVersion = 17.14.36414.22 d17.14
MinimumVisualStudioVersion = 10.0.40219.1
Project("{FAE04EC0-301F-11D3-BF4B-00C04F79EFBC}") = "Comunity", "Comunity\Comunity.csproj", "{D596CFF4-4754-42D0-9D58-C561428237B8}"
EndProject
Global
	GlobalSection(SolutionConfigurationPlatforms) = preSolution
		Debug|Any CPU = Debug|Any CPU
		Release|Any CPU = Release|Any CPU
	EndGlobalSection
	GlobalSection(ProjectConfigurationPlatforms) = postSolution
		{D596CFF4-4754-42D0-9D58-C561428237B8}.Debug|Any CPU.ActiveCfg = Debug|Any CPU
		{D596CFF4-4754-42D0-9D58-C561428237B8}.Debug|Any CPU.Build.0 = Debug|Any CPU
		{D596CFF4-4754-42D0-9D58-C561428237B8}.Release|Any CPU.ActiveCfg = Release|Any CPU
		{D596CFF4-4754-42D0-9D58-C561428237B8}.Release|Any CPU.Build.0 = Release|Any CPU
	EndGlobalSection
	GlobalSection(SolutionProperties) = preSolution
		HideSolutionNode = FALSE
	EndGlobalSection
	GlobalSection(ExtensibilityGlobals) = postSolution
		SolutionGuid = {0D9B7823-68BC-4383-994C-0AC53AF458D3}
	EndGlobalSection
EndGlobal
