
Microsoft Visual Studio Solution File, Format Version 12.00
# Visual Studio Version 17
VisualStudioVersion = 17.14.36327.8 d17.14
MinimumVisualStudioVersion = 10.0.40219.1
Project("{FAE04EC0-301F-11D3-BF4B-00C04F79EFBC}") = "EntityProyect", "EntityProyect.csproj", "{BCE96736-72BC-2472-CFDF-04474CDD9464}"
EndProject
Global
	GlobalSection(SolutionConfigurationPlatforms) = preSolution
		Debug|Any CPU = Debug|Any CPU
		Release|Any CPU = Release|Any CPU
	EndGlobalSection
	GlobalSection(ProjectConfigurationPlatforms) = postSolution
		{BCE96736-72BC-2472-CFDF-04474CDD9464}.Debug|Any CPU.ActiveCfg = Debug|Any CPU
		{BCE96736-72BC-2472-CFDF-04474CDD9464}.Debug|Any CPU.Build.0 = Debug|Any CPU
		{BCE96736-72BC-2472-CFDF-04474CDD9464}.Release|Any CPU.ActiveCfg = Release|Any CPU
		{BCE96736-72BC-2472-CFDF-04474CDD9464}.Release|Any CPU.Build.0 = Release|Any CPU
	EndGlobalSection
	GlobalSection(SolutionProperties) = preSolution
		HideSolutionNode = FALSE
	EndGlobalSection
	GlobalSection(ExtensibilityGlobals) = postSolution
		SolutionGuid = {9F4946DE-6B98-46A0-A47C-7D4B19DDF7F1}
	EndGlobalSection
EndGlobal
