
Microsoft Visual Studio Solution File, Format Version 12.00
# Visual Studio Version 17
VisualStudioVersion = 17.14.36203.30 d17.14
MinimumVisualStudioVersion = 10.0.40219.1
Project("{FAE04EC0-301F-11D3-BF4B-00C04F79EFBC}") = "magicagenda", "magicagenda.csproj", "{CAE0C908-5565-D17F-A09F-B5012D15B668}"
EndProject
Global
	GlobalSection(SolutionConfigurationPlatforms) = preSolution
		Debug|Any CPU = Debug|Any CPU
		Release|Any CPU = Release|Any CPU
	EndGlobalSection
	GlobalSection(ProjectConfigurationPlatforms) = postSolution
		{CAE0C908-5565-D17F-A09F-B5012D15B668}.Debug|Any CPU.ActiveCfg = Debug|Any CPU
		{CAE0C908-5565-D17F-A09F-B5012D15B668}.Debug|Any CPU.Build.0 = Debug|Any CPU
		{CAE0C908-5565-D17F-A09F-B5012D15B668}.Release|Any CPU.ActiveCfg = Release|Any CPU
		{CAE0C908-5565-D17F-A09F-B5012D15B668}.Release|Any CPU.Build.0 = Release|Any CPU
	EndGlobalSection
	GlobalSection(SolutionProperties) = preSolution
		HideSolutionNode = FALSE
	EndGlobalSection
	GlobalSection(ExtensibilityGlobals) = postSolution
		SolutionGuid = {BA0AECF8-2DBE-4567-8A51-FC8DA40249F4}
	EndGlobalSection
EndGlobal
