
Microsoft Visual Studio Solution File, Format Version 12.00
# Visual Studio Version 17
VisualStudioVersion = 17.14.36518.9 d17.14
MinimumVisualStudioVersion = 10.0.40219.1
Project("{FAE04EC0-301F-11D3-BF4B-00C04F79EFBC}") = "tierdwebapp", "tierdwebapp\tierdwebapp.csproj", "{62F5E763-6C98-4583-9C03-6FA5636E9D04}"
EndProject
Project("{FAE04EC0-301F-11D3-BF4B-00C04F79EFBC}") = "PublicManagment.Domain", "PublicManagment.Domain\PublicManagment.Domain.csproj", "{0F327DF7-BB6C-4A6A-A052-D3185F11AFA0}"
EndProject
Project("{FAE04EC0-301F-11D3-BF4B-00C04F79EFBC}") = "PublicManagment.Infrastructure", "PublicManagment.Infrastructure\PublicManagment.Infrastructure.csproj", "{5BEA9DAD-89DE-427B-BEF3-203B3E35765E}"
EndProject
Global
	GlobalSection(SolutionConfigurationPlatforms) = preSolution
		Debug|Any CPU = Debug|Any CPU
		Release|Any CPU = Release|Any CPU
	EndGlobalSection
	GlobalSection(ProjectConfigurationPlatforms) = postSolution
		{62F5E763-6C98-4583-9C03-6FA5636E9D04}.Debug|Any CPU.ActiveCfg = Debug|Any CPU
		{62F5E763-6C98-4583-9C03-6FA5636E9D04}.Debug|Any CPU.Build.0 = Debug|Any CPU
		{62F5E763-6C98-4583-9C03-6FA5636E9D04}.Release|Any CPU.ActiveCfg = Release|Any CPU
		{62F5E763-6C98-4583-9C03-6FA5636E9D04}.Release|Any CPU.Build.0 = Release|Any CPU
		{0F327DF7-BB6C-4A6A-A052-D3185F11AFA0}.Debug|Any CPU.ActiveCfg = Debug|Any CPU
		{0F327DF7-BB6C-4A6A-A052-D3185F11AFA0}.Debug|Any CPU.Build.0 = Debug|Any CPU
		{0F327DF7-BB6C-4A6A-A052-D3185F11AFA0}.Release|Any CPU.ActiveCfg = Release|Any CPU
		{0F327DF7-BB6C-4A6A-A052-D3185F11AFA0}.Release|Any CPU.Build.0 = Release|Any CPU
		{5BEA9DAD-89DE-427B-BEF3-203B3E35765E}.Debug|Any CPU.ActiveCfg = Debug|Any CPU
		{5BEA9DAD-89DE-427B-BEF3-203B3E35765E}.Debug|Any CPU.Build.0 = Debug|Any CPU
		{5BEA9DAD-89DE-427B-BEF3-203B3E35765E}.Release|Any CPU.ActiveCfg = Release|Any CPU
		{5BEA9DAD-89DE-427B-BEF3-203B3E35765E}.Release|Any CPU.Build.0 = Release|Any CPU
	EndGlobalSection
	GlobalSection(SolutionProperties) = preSolution
		HideSolutionNode = FALSE
	EndGlobalSection
	GlobalSection(ExtensibilityGlobals) = postSolution
		SolutionGuid = {1D66C860-16D1-4066-BCAC-482E13298F48}
	EndGlobalSection
EndGlobal
